
Microsoft Visual Studio Solution File, Format Version 12.00
# Visual Studio 14
VisualStudioVersion = 14.0.25420.1
MinimumVisualStudioVersion = 10.0.40219.1
Project("{FAE04EC0-301F-11D3-BF4B-00C04F79EFBC}") = "travels.service.api", "travels.service.api\travels.service.api.csproj", "{F4879882-0E9C-42CA-910D-26AFD2DFC53E}"
EndProject
Project("{FAE04EC0-301F-11D3-BF4B-00C04F79EFBC}") = "travels.notifications", "travels.notifications\travels.notifications.csproj", "{B8FB62E4-4920-4CE3-A3DC-30F45CD400E6}"
EndProject
Project("{FAE04EC0-301F-11D3-BF4B-00C04F79EFBC}") = "travels.services", "travels.services\travels.services.csproj", "{3990B192-84B5-4B14-887F-81A2C8DDBBD0}"
EndProject
Project("{FAE04EC0-301F-11D3-BF4B-00C04F79EFBC}") = "travels.dto", "travels.dto\travels.dto.csproj", "{37F40D5D-7D31-4F20-94E1-506D1A0CA8AC}"
EndProject
Project("{FAE04EC0-301F-11D3-BF4B-00C04F79EFBC}") = "travels.utilities", "travels.utilities\travels.utilities.csproj", "{EBE07B2E-39DE-4A35-A70E-37F4D2C5760B}"
EndProject
Project("{FAE04EC0-301F-11D3-BF4B-00C04F79EFBC}") = "travels.templates", "travels.templates\travels.templates.csproj", "{1240822B-6220-445A-BCE9-87342525D780}"
EndProject
Global
	GlobalSection(SolutionConfigurationPlatforms) = preSolution
		Debug|Any CPU = Debug|Any CPU
		Release|Any CPU = Release|Any CPU
	EndGlobalSection
	GlobalSection(ProjectConfigurationPlatforms) = postSolution
		{F4879882-0E9C-42CA-910D-26AFD2DFC53E}.Debug|Any CPU.ActiveCfg = Debug|Any CPU
		{F4879882-0E9C-42CA-910D-26AFD2DFC53E}.Debug|Any CPU.Build.0 = Debug|Any CPU
		{F4879882-0E9C-42CA-910D-26AFD2DFC53E}.Release|Any CPU.ActiveCfg = Release|Any CPU
		{F4879882-0E9C-42CA-910D-26AFD2DFC53E}.Release|Any CPU.Build.0 = Release|Any CPU
		{B8FB62E4-4920-4CE3-A3DC-30F45CD400E6}.Debug|Any CPU.ActiveCfg = Debug|Any CPU
		{B8FB62E4-4920-4CE3-A3DC-30F45CD400E6}.Debug|Any CPU.Build.0 = Debug|Any CPU
		{B8FB62E4-4920-4CE3-A3DC-30F45CD400E6}.Release|Any CPU.ActiveCfg = Release|Any CPU
		{B8FB62E4-4920-4CE3-A3DC-30F45CD400E6}.Release|Any CPU.Build.0 = Release|Any CPU
		{3990B192-84B5-4B14-887F-81A2C8DDBBD0}.Debug|Any CPU.ActiveCfg = Debug|Any CPU
		{3990B192-84B5-4B14-887F-81A2C8DDBBD0}.Debug|Any CPU.Build.0 = Debug|Any CPU
		{3990B192-84B5-4B14-887F-81A2C8DDBBD0}.Release|Any CPU.ActiveCfg = Release|Any CPU
		{3990B192-84B5-4B14-887F-81A2C8DDBBD0}.Release|Any CPU.Build.0 = Release|Any CPU
		{37F40D5D-7D31-4F20-94E1-506D1A0CA8AC}.Debug|Any CPU.ActiveCfg = Debug|Any CPU
		{37F40D5D-7D31-4F20-94E1-506D1A0CA8AC}.Debug|Any CPU.Build.0 = Debug|Any CPU
		{37F40D5D-7D31-4F20-94E1-506D1A0CA8AC}.Release|Any CPU.ActiveCfg = Release|Any CPU
		{37F40D5D-7D31-4F20-94E1-506D1A0CA8AC}.Release|Any CPU.Build.0 = Release|Any CPU
		{EBE07B2E-39DE-4A35-A70E-37F4D2C5760B}.Debug|Any CPU.ActiveCfg = Debug|Any CPU
		{EBE07B2E-39DE-4A35-A70E-37F4D2C5760B}.Debug|Any CPU.Build.0 = Debug|Any CPU
		{EBE07B2E-39DE-4A35-A70E-37F4D2C5760B}.Release|Any CPU.ActiveCfg = Release|Any CPU
		{EBE07B2E-39DE-4A35-A70E-37F4D2C5760B}.Release|Any CPU.Build.0 = Release|Any CPU
		{1240822B-6220-445A-BCE9-87342525D780}.Debug|Any CPU.ActiveCfg = Debug|Any CPU
		{1240822B-6220-445A-BCE9-87342525D780}.Debug|Any CPU.Build.0 = Debug|Any CPU
		{1240822B-6220-445A-BCE9-87342525D780}.Release|Any CPU.ActiveCfg = Release|Any CPU
		{1240822B-6220-445A-BCE9-87342525D780}.Release|Any CPU.Build.0 = Release|Any CPU
	EndGlobalSection
	GlobalSection(SolutionProperties) = preSolution
		HideSolutionNode = FALSE
	EndGlobalSection
EndGlobal
